{
  "object": {
    "pins": [
      {
        "package": "AEXML",
        "repositoryURL": "https://github.com/tadija/AEXML.git",
        "state": {
          "branch": null,
          "revision": "38f7d00b23ecd891e1ee656fa6aeebd6ba04ecc3",
          "version": "4.6.1"
        }
      },
      {
        "package": "FontBlaster",
        "repositoryURL": "https://github.com/ArtSabintsev/FontBlaster.git",
        "state": {
          "branch": null,
          "revision": "09fffe9cf20293fce81ce7154b46f8e60291baa8",
          "version": "5.3.0"
        }
      },
      {
        "package": "MenuItemKit",
        "repositoryURL": "https://github.com/cxa/MenuItemKit.git",
        "state": {
          "branch": null,
          "revision": "3f832b3d2a6075e1e6b7db06c498dd710c773e6f",
          "version": "3.2.2"
        }
      },
      {
        "package": "Realm",
        "repositoryURL": "https://github.com/realm/realm-cocoa.git",
        "state": {
          "branch": null,
          "revision": "40732f2ec0cdc32d9d3df8219b2e655deb3077f1",
          "version": "3.21.0"
        }
      },
      {
        "package": "RealmCore",
        "repositoryURL": "https://github.com/realm/realm-core",
        "state": {
          "branch": null,
          "revision": "512dfaa4f59930e193c92e00ba1924bde69b19de",
          "version": "5.23.5"
        }
      },
      {
        "package": "SwiftSoup",
        "repositoryURL": "https://github.com/scinfu/SwiftSoup.git",
        "state": {
          "branch": null,
          "revision": "f707b8680cddb96dc1855632340a572ef37bbb98",
          "version": "2.5.3"
        }
      },
      {
        "package": "ZFDragableModalTransition",
        "repositoryURL": "https://github.com/drearycold/ZFDragableModalTransition.git",
        "state": {
          "branch": null,
          "revision": "5af96245281764eb3b3227bbc96208a5a7068900",
          "version": "0.6.5"
        }
      },
      {
        "package": "ZipArchive",
        "repositoryURL": "https://github.com/drearycold/ZipArchive.git",
        "state": {
          "branch": null,
          "revision": "e89da439287b5382f666c70dd47fa36413296aac",
          "version": "2.2.5"
        }
      },
      {
        "package": "ZIPFoundation",
        "repositoryURL": "https://github.com/weichsel/ZIPFoundation.git",
        "state": {
          "branch": null,
          "revision": "43ec568034b3731101dbf7670765d671c30f54f3",
          "version": "0.9.16"
        }
      }
    ]
  },
  "version": 1
}
